
Microsoft Visual Studio Solution File, Format Version 12.00
# Visual Studio Version 17
VisualStudioVersion = 17.12.35514.174
MinimumVisualStudioVersion = 10.0.40219.1
Project("{2150E333-8FDC-42A3-9474-1A3956D46DE8}") = "Services", "Services", "{55A876D1-6A8B-418A-A86C-D2FEE445256B}"
EndProject
Project("{2150E333-8FDC-42A3-9474-1A3956D46DE8}") = "Catalog", "Catalog", "{FD84742C-788D-4FC6-A68C-74EDA546139A}"
EndProject
Project("{FAE04EC0-301F-11D3-BF4B-00C04F79EFBC}") = "Catalog.API", "Services\Catalog\Catalog.API\Catalog.API.csproj", "{06DC7DBD-B67A-4CD7-AF9C-5E0C29AE7B05}"
EndProject
Global
	GlobalSection(SolutionConfigurationPlatforms) = preSolution
		Debug|Any CPU = Debug|Any CPU
		Release|Any CPU = Release|Any CPU
	EndGlobalSection
	GlobalSection(ProjectConfigurationPlatforms) = postSolution
		{06DC7DBD-B67A-4CD7-AF9C-5E0C29AE7B05}.Debug|Any CPU.ActiveCfg = Debug|Any CPU
		{06DC7DBD-B67A-4CD7-AF9C-5E0C29AE7B05}.Debug|Any CPU.Build.0 = Debug|Any CPU
		{06DC7DBD-B67A-4CD7-AF9C-5E0C29AE7B05}.Release|Any CPU.ActiveCfg = Release|Any CPU
		{06DC7DBD-B67A-4CD7-AF9C-5E0C29AE7B05}.Release|Any CPU.Build.0 = Release|Any CPU
	EndGlobalSection
	GlobalSection(SolutionProperties) = preSolution
		HideSolutionNode = FALSE
	EndGlobalSection
	GlobalSection(NestedProjects) = preSolution
		{FD84742C-788D-4FC6-A68C-74EDA546139A} = {55A876D1-6A8B-418A-A86C-D2FEE445256B}
		{06DC7DBD-B67A-4CD7-AF9C-5E0C29AE7B05} = {FD84742C-788D-4FC6-A68C-74EDA546139A}
	EndGlobalSection
EndGlobal
